<?xml version="1.0" encoding="utf-8"?>
<Project ToolsVersion="4.0" xmlns="http://schemas.microsoft.com/developer/msbuild/2003">
  <ItemGroup>
    <ClCompile Include="src\GPII_RFIDListener.cpp" />
    <ClCompile Include="src\WinSmartCard.cpp" />
    <ClCompile Include="src\FlowManager.cpp">
      <Filter>include</Filter>
    </ClCompile>
    <ClCompile Include="src\Diagnostic.cpp" />
  </ItemGroup>
  <ItemGroup>
    <ClInclude Include="include\FlowManager.h">
      <Filter>include</Filter>
    </ClInclude>
    <ClInclude Include="include\WinSmartCard.h">
      <Filter>include</Filter>
    </ClInclude>
    <ClInclude Include="..\common\include\libcurl\curl.h" />
    <ClInclude Include="..\common\include\libcurl\curlbuild.h" />
    <ClInclude Include="..\common\include\libcurl\curlrules.h" />
    <ClInclude Include="..\common\include\libcurl\curlver.h" />
    <ClInclude Include="..\common\include\libcurl\easy.h" />
    <ClInclude Include="..\common\include\libcurl\mprintf.h" />
    <ClInclude Include="..\common\include\libcurl\multi.h" />
    <ClInclude Include="include\Diagnostic.h" />
  </ItemGroup>
  <ItemGroup>
    <Image Include="src\GPII_RFIDListener.ico" />
    <Image Include="src\small.ico" />
  </ItemGroup>
  <ItemGroup>
    <None Include="README.md" />
    <None Include="..\common\include\libcurl\COPYING" />
  </ItemGroup>
  <ItemGroup>
    <Text Include="LICENSE.txt" />
  </ItemGroup>
  <ItemGroup>
    <Filter Include="include">
      <UniqueIdentifier>{43ddc8fc-0004-4ab1-b5a5-bac09c34d1d5}</UniqueIdentifier>
      <Extensions>*.h</Extensions>
    </Filter>
  </ItemGroup>
</Project>