<?xml version="1.0" encoding="UTF-8" standalone="yes" ?>
<CodeBlocks_project_file>
	<FileVersion major="1" minor="6" />
	<Project>
		<Option title="GPII_RFIDListenerCB" />
		<Option pch_mode="2" />
		<Option compiler="gcc" />
		<Build>
			<Target title="Debug">
				<Option output="bin/Debug/GPII_RFIDListenerCB" prefix_auto="1" extension_auto="1" />
				<Option object_output="obj/Debug/" />
				<Option external_deps="libcurl/libcurl.a;" />
				<Option type="1" />
				<Option compiler="gcc" />
				<Option use_console_runner="0" />
				<Compiler>
					<Add option="-Og" />
					<Add option="-g3" />
					<Add option="-DDEBUG" />
					<Add option="-D_DEBUG" />
				</Compiler>
			</Target>
			<Target title="Release">
				<Option output="bin/Release/GPII_RFIDListenerCB" prefix_auto="1" extension_auto="1" />
				<Option object_output="obj/Release/" />
				<Option type="0" />
				<Option compiler="gcc" />
				<Compiler>
					<Add option="-O3" />
					<Add option="-g0" />
					<Add option="-Werror" />
					<Add option="-DNDEBUG" />
				</Compiler>
				<Linker>
					<Add option="-s" />
				</Linker>
			</Target>
		</Build>
		<Compiler>
			<Add option="-Wfatal-errors" />
			<Add option="-Wall" />
			<Add option="-DWIN32" />
			<Add option="-DWIN32_LEAN_AND_MEAN" />
			<Add option="-DCURL_STATICLIB" />
			<Add directory="winscard" />
			<Add directory="libcurl" />
		</Compiler>
		<Linker>
			<Add option="-static-libgcc" />
			<Add option="-static-libstdc++" />
			<Add library="WinSCard" />
			<Add library="curl" />
			<Add library="wsock32" />
			<Add library="Ws2_32" />
			<Add directory="winscard" />
			<Add directory="libcurl" />
		</Linker>
		<Unit filename="FlowManager.cpp" />
		<Unit filename="FlowManager.h" />
		<Unit filename="GPII_RFIDListener.cpp" />
		<Unit filename="LICENSE.txt">
			<Option target="Release" />
		</Unit>
		<Unit filename="README.md">
			<Option target="Release" />
		</Unit>
		<Unit filename="WinSmartCard.cpp" />
		<Unit filename="WinSmartCard.h" />
		<Unit filename="libcurl/COPYING">
			<Option target="Release" />
		</Unit>
		<Unit filename="libcurl/README">
			<Option target="Release" />
		</Unit>
		<Unit filename="libcurl/curl.h" />
		<Unit filename="libcurl/curlbuild.h" />
		<Unit filename="libcurl/curlrules.h" />
		<Unit filename="libcurl/curlver.h" />
		<Unit filename="libcurl/easy.h" />
		<Unit filename="libcurl/mprintf.h" />
		<Unit filename="libcurl/multi.h" />
		<Unit filename="winscard/SCardErr.h" />
		<Unit filename="winscard/winscard.def">
			<Option compile="1" />
			<Option compiler="gcc" use="1" buildCommand="dlltool -k -d winscard/WinSCard.def -l winscard/WinSCard.lib" />
		</Unit>
		<Unit filename="winscard/winscard.h" />
		<Unit filename="winscard/winsmcrd.h" />
		<Extensions>
			<code_completion />
			<envvars />
			<debugger />
		</Extensions>
	</Project>
</CodeBlocks_project_file>
